<?xml version="1.0" encoding="utf-8"?>
<Project ToolsVersion="4.0" xmlns="http://schemas.microsoft.com/developer/msbuild/2003">
  <ItemGroup>
    <Filter Include="Source Files">
      <UniqueIdentifier>{4FC737F1-C7A5-4376-A066-2A32D752A2FF}</UniqueIdentifier>
      <Extensions>cpp;c;cc;cxx;def;odl;idl;hpj;bat;asm;asmx</Extensions>
    </Filter>
    <Filter Include="Header Files">
      <UniqueIdentifier>{93995380-89BD-4b04-88EB-625FBE52EBFB}</UniqueIdentifier>
      <Extensions>h;hh;hpp;hxx;hm;inl;inc;ipp;xsd</Extensions>
    </Filter>
    <Filter Include="Resource Files">
      <UniqueIdentifier>{67DA6AB6-F800-4c08-8B7A-83BB121AAD01}</UniqueIdentifier>
      <Extensions>rc;ico;cur;bmp;dlg;rc2;rct;bin;rgs;gif;jpg;jpeg;jpe;resx;tiff;tif;png;wav;mfcribbon-ms</Extensions>
    </Filter>
    <Filter Include="imgui">
      <UniqueIdentifier>{c2ae8e24-5567-43e0-93c7-d2c34f47dbd3}</UniqueIdentifier>
    </Filter>
  </ItemGroup>
  <ItemGroup>
    <ClCompile Include="..\..\sim_main.cpp">
      <Filter>Source Files</Filter>
    </ClCompile>
    <ClCompile Include="..\..\..\imgui\imgui.cpp">
      <Filter>Source Files</Filter>
    </ClCompile>
    <ClCompile Include="..\..\..\imgui\imgui_demo.cpp">
      <Filter>Source Files</Filter>
    </ClCompile>
    <ClCompile Include="..\..\..\imgui\imgui_draw.cpp">
      <Filter>Source Files</Filter>
    </ClCompile>
    <ClCompile Include="..\..\..\imgui\imgui_widgets.cpp">
      <Filter>Source Files</Filter>
    </ClCompile>
    <ClCompile Include="..\..\..\verilator\include\verilated.cpp">
      <Filter>Source Files</Filter>
    </ClCompile>
    <ClCompile Include="..\..\..\verilator\include\verilated_save.cpp">
      <Filter>Source Files</Filter>
    </ClCompile>
    <ClCompile Include="..\..\..\imgui\imgui_tables.cpp">
      <Filter>Source Files</Filter>
    </ClCompile>
    <ClCompile Include="..\..\..\imgui\backends\imgui_impl_dx11.cpp">
      <Filter>Source Files</Filter>
    </ClCompile>
    <ClCompile Include="..\..\..\imgui\backends\imgui_impl_win32.cpp">
      <Filter>Source Files</Filter>
    </ClCompile>
    <ClCompile Include="..\..\..\verilator\include\verilated_threads.cpp">
      <Filter>Source Files</Filter>
    </ClCompile>
    <ClCompile Include="..\..\out\Vcore_3do.cpp">
      <Filter>Source Files</Filter>
    </ClCompile>
    <ClCompile Include="..\..\out\Vcore_3do___024root__DepSet_h7c47ef47__0.cpp">
      <Filter>Source Files</Filter>
    </ClCompile>
    <ClCompile Include="..\..\out\Vcore_3do___024root__DepSet_h7c47ef47__0__Slow.cpp">
      <Filter>Source Files</Filter>
    </ClCompile>
    <ClCompile Include="..\..\out\Vcore_3do___024root__DepSet_hf5bde208__0.cpp">
      <Filter>Source Files</Filter>
    </ClCompile>
    <ClCompile Include="..\..\out\Vcore_3do___024root__DepSet_hf5bde208__0__Slow.cpp">
      <Filter>Source Files</Filter>
    </ClCompile>
    <ClCompile Include="..\..\out\Vcore_3do___024root__DepSet_hf5bde208__1.cpp">
      <Filter>Source Files</Filter>
    </ClCompile>
    <ClCompile Include="..\..\out\Vcore_3do___024root__DepSet_hf5bde208__1__Slow.cpp">
      <Filter>Source Files</Filter>
    </ClCompile>
    <ClCompile Include="..\..\out\Vcore_3do___024root__DepSet_hf5bde208__2.cpp">
      <Filter>Source Files</Filter>
    </ClCompile>
    <ClCompile Include="..\..\out\Vcore_3do___024root__Slow.cpp">
      <Filter>Source Files</Filter>
    </ClCompile>
    <ClCompile Include="..\..\out\Vcore_3do__ConstPool_0.cpp">
      <Filter>Source Files</Filter>
    </ClCompile>
    <ClCompile Include="..\..\out\Vcore_3do__Dpi.cpp">
      <Filter>Source Files</Filter>
    </ClCompile>
    <ClCompile Include="..\..\out\Vcore_3do__Syms.cpp">
      <Filter>Source Files</Filter>
    </ClCompile>
    <ClCompile Include="..\..\out\Vcore_3do_zap_cache__C400_S10_L8_SB4__DepSet_h3e3c21e3__0.cpp">
      <Filter>Source Files</Filter>
    </ClCompile>
    <ClCompile Include="..\..\out\Vcore_3do_zap_cache__C400_S10_L8_SB4__DepSet_h33c7aea2__0.cpp">
      <Filter>Source Files</Filter>
    </ClCompile>
    <ClCompile Include="..\..\out\Vcore_3do_zap_cache__C400_S10_L8_SB4__DepSet_h33c7aea2__0__Slow.cpp">
      <Filter>Source Files</Filter>
    </ClCompile>
    <ClCompile Include="..\..\out\Vcore_3do_zap_cache__C400_S10_L8_SB4__Slow.cpp">
      <Filter>Source Files</Filter>
    </ClCompile>
    <ClCompile Include="..\..\out\Vcore_3do_zap_decompile__DepSet_ha55ef60b__0.cpp">
      <Filter>Source Files</Filter>
    </ClCompile>
    <ClCompile Include="..\..\out\Vcore_3do_zap_decompile__DepSet_ha55ef60b__0__Slow.cpp">
      <Filter>Source Files</Filter>
    </ClCompile>
    <ClCompile Include="..\..\out\Vcore_3do_zap_decompile__DepSet_ha55ef60b__1.cpp">
      <Filter>Source Files</Filter>
    </ClCompile>
    <ClCompile Include="..\..\out\Vcore_3do_zap_decompile__DepSet_ha55ef60b__2.cpp">
      <Filter>Source Files</Filter>
    </ClCompile>
    <ClCompile Include="..\..\out\Vcore_3do_zap_decompile__Slow.cpp">
      <Filter>Source Files</Filter>
    </ClCompile>
  </ItemGroup>
  <ItemGroup>
    <ClInclude Include="..\..\bookshelf.h">
      <Filter>Source Files</Filter>
    </ClInclude>
    <ClInclude Include="C:\linux_temp\imgui\imconfig.h">
      <Filter>Header Files</Filter>
    </ClInclude>
    <ClInclude Include="C:\linux_temp\imgui\imgui.h">
      <Filter>Header Files</Filter>
    </ClInclude>
    <ClInclude Include="C:\linux_temp\imgui\imgui_internal.h">
      <Filter>Header Files</Filter>
    </ClInclude>
    <ClInclude Include="C:\linux_temp\imgui\ui_util.h">
      <Filter>Header Files</Filter>
    </ClInclude>
    <ClInclude Include="..\..\..\imgui\imgui_memory_editor.h">
      <Filter>Source Files</Filter>
    </ClInclude>
    <ClInclude Include="..\..\..\verilator\include\verilated.h">
      <Filter>Source Files</Filter>
    </ClInclude>
    <ClInclude Include="..\..\..\verilator\include\verilated_save.h">
      <Filter>Source Files</Filter>
    </ClInclude>
    <ClInclude Include="..\..\..\verilator\include\verilated_syms.h">
      <Filter>Source Files</Filter>
    </ClInclude>
    <ClInclude Include="..\..\..\verilator\include\verilatedos.h">
      <Filter>Source Files</Filter>
    </ClInclude>
    <ClInclude Include="..\..\..\verilator\include\verilated_config.h">
      <Filter>Source Files</Filter>
    </ClInclude>
    <ClInclude Include="..\..\..\imgui\backends\imgui_impl_dx11.h">
      <Filter>Source Files</Filter>
    </ClInclude>
    <ClInclude Include="..\..\..\imgui\backends\imgui_impl_win32.h">
      <Filter>Source Files</Filter>
    </ClInclude>
    <ClInclude Include="..\..\..\verilator\include\verilated_heavy.h">
      <Filter>Source Files</Filter>
    </ClInclude>
    <ClInclude Include="..\..\..\verilator\include\verilated_threads.h">
      <Filter>Source Files</Filter>
    </ClInclude>
    <ClInclude Include="..\..\wavedrom.h">
      <Filter>Source Files</Filter>
    </ClInclude>
    <ClInclude Include="..\..\out\Vcore_3do.h">
      <Filter>Source Files</Filter>
    </ClInclude>
    <ClInclude Include="..\..\out\Vcore_3do___024root.h">
      <Filter>Source Files</Filter>
    </ClInclude>
    <ClInclude Include="..\..\out\Vcore_3do__Dpi.h">
      <Filter>Source Files</Filter>
    </ClInclude>
    <ClInclude Include="..\..\out\Vcore_3do__Syms.h">
      <Filter>Source Files</Filter>
    </ClInclude>
    <ClInclude Include="..\..\out\Vcore_3do_zap_cache__C400_S10_L8_SB4.h">
      <Filter>Source Files</Filter>
    </ClInclude>
    <ClInclude Include="..\..\out\Vcore_3do_zap_decompile.h">
      <Filter>Source Files</Filter>
    </ClInclude>
  </ItemGroup>
  <ItemGroup>
    <None Include="..\..\out\Vcore_3do.mk">
      <Filter>Source Files</Filter>
    </None>
    <None Include="..\..\out\Vcore_3do__ver.d">
      <Filter>Source Files</Filter>
    </None>
    <None Include="..\..\out\Vcore_3do__verFiles.dat">
      <Filter>Source Files</Filter>
    </None>
    <None Include="..\..\out\Vcore_3do_classes.mk">
      <Filter>Source Files</Filter>
    </None>
  </ItemGroup>
</Project>